# THIS IS AN AUTOGENERATED FILE. DO NOT EDIT THIS FILE DIRECTLY.
# yarn lockfile v1

mini-svg-data-uri@^1.4.3:
  version "1.4.4"
  resolved "https://registry.yarnpkg.com/mini-svg-data-uri/-/mini-svg-data-uri-1.4.4.tgz#8ab0aabcdf8c29ad5693ca595af19dd2ead09939"
  integrity sha512-r9deDe9p5FJUPZAk3A59wGH7Ii9YrjjWw0jmw/liSbHl2CHiyXj6FcDXDu2K3TjVAXqiJdaw3xxwlZZr9E6nHg==

stimulus-scroll-reveal@^3.2.0:
  version "3.2.0"
  resolved "https://registry.yarnpkg.com/stimulus-scroll-reveal/-/stimulus-scroll-reveal-3.2.0.tgz#e9bdf2c0ddce82c24df99ba627f2f3375bc64f41"
  integrity sha512-KxXHibsGVqvBJ4TqUaTwss36WX543dlUWoNbDXvkAfuddE6H/D7egkVF9v85LEtCVd2h9KkrTNykBnPqyxpAoQ==
